// !$*UTF8*$!
{
	archiveVersion = 1;
	classes = {
	};
	objectVersion = 46;
	objects = {

/* Begin PBXBuildFile section */
		EF6638BC1DF0933B005FCC44 /* AppDelegate.swift in Sources */ = {isa = PBXBuildFile; fileRef = EF6638BB1DF0933B005FCC44 /* AppDelegate.swift */; };
		EF6638BE1DF0933B005FCC44 /* ViewController.swift in Sources */ = {isa = PBXBuildFile; fileRef = EF6638BD1DF0933B005FCC44 /* ViewController.swift */; };
		EF6638C11DF0933B005FCC44 /* Main.storyboard in Resources */ = {isa = PBXBuildFile; fileRef = EF6638BF1DF0933B005FCC44 /* Main.storyboard */; settings = {ASSET_TAGS = (ViewControllerB, ); }; };
		EF6638C31DF0933B005FCC44 /* Assets.xcassets in Resources */ = {isa = PBXBuildFile; fileRef = EF6638C21DF0933B005FCC44 /* Assets.xcassets */; };
		EF6638C61DF0933B005FCC44 /* LaunchScreen.storyboard in Resources */ = {isa = PBXBuildFile; fileRef = EF6638C41DF0933B005FCC44 /* LaunchScreen.storyboard */; };
		EF6638D11DF0933B005FCC44 /* ContactsTests.swift in Sources */ = {isa = PBXBuildFile; fileRef = EF6638D01DF0933B005FCC44 /* ContactsTests.swift */; };
		EF6638DC1DF0933B005FCC44 /* ContactsUITests.swift in Sources */ = {isa = PBXBuildFile; fileRef = EF6638DB1DF0933B005FCC44 /* ContactsUITests.swift */; };
		EF6638EA1DF0947E005FCC44 /* ContactsTableViewController.swift in Sources */ = {isa = PBXBuildFile; fileRef = EF6638E91DF0947E005FCC44 /* ContactsTableViewController.swift */; };
/* End PBXBuildFile section */

/* Begin PBXContainerItemProxy section */
		EF6638CD1DF0933B005FCC44 /* PBXContainerItemProxy */ = {
			isa = PBXContainerItemProxy;
			containerPortal = EF6638B01DF0933B005FCC44 /* Project object */;
			proxyType = 1;
			remoteGlobalIDString = EF6638B71DF0933B005FCC44;
			remoteInfo = Contacts;
		};
		EF6638D81DF0933B005FCC44 /* PBXContainerItemProxy */ = {
			isa = PBXContainerItemProxy;
			containerPortal = EF6638B01DF0933B005FCC44 /* Project object */;
			proxyType = 1;
			remoteGlobalIDString = EF6638B71DF0933B005FCC44;
			remoteInfo = Contacts;
		};
/* End PBXContainerItemProxy section */

/* Begin PBXFileReference section */
		EF6638B81DF0933B005FCC44 /* Contacts.app */ = {isa = PBXFileReference; explicitFileType = wrapper.application; includeInIndex = 0; path = Contacts.app; sourceTree = BUILT_PRODUCTS_DIR; };
		EF6638BB1DF0933B005FCC44 /* AppDelegate.swift */ = {isa = PBXFileReference; lastKnownFileType = sourcecode.swift; path = AppDelegate.swift; sourceTree = "<group>"; };
		EF6638BD1DF0933B005FCC44 /* ViewController.swift */ = {isa = PBXFileReference; lastKnownFileType = sourcecode.swift; path = ViewController.swift; sourceTree = "<group>"; };
		EF6638C01DF0933B005FCC44 /* Base */ = {isa = PBXFileReference; lastKnownFileType = file.storyboard; name = Base; path = Base.lproj/Main.storyboard; sourceTree = "<group>"; };
		EF6638C21DF0933B005FCC44 /* Assets.xcassets */ = {isa = PBXFileReference; lastKnownFileType = folder.assetcatalog; path = Assets.xcassets; sourceTree = "<group>"; };
		EF6638C51DF0933B005FCC44 /* Base */ = {isa = PBXFileReference; lastKnownFileType = file.storyboard; name = Base; path = Base.lproj/LaunchScreen.storyboard; sourceTree = "<group>"; };
		EF6638C71DF0933B005FCC44 /* Info.plist */ = {isa = PBXFileReference; lastKnownFileType = text.plist.xml; path = Info.plist; sourceTree = "<group>"; };
		EF6638CC1DF0933B005FCC44 /* ContactsTests.xctest */ = {isa = PBXFileReference; explicitFileType = wrapper.cfbundle; includeInIndex = 0; path = ContactsTests.xctest; sourceTree = BUILT_PRODUCTS_DIR; };
		EF6638D01DF0933B005FCC44 /* ContactsTests.swift */ = {isa = PBXFileReference; lastKnownFileType = sourcecode.swift; path = ContactsTests.swift; sourceTree = "<group>"; };
		EF6638D21DF0933B005FCC44 /* Info.plist */ = {isa = PBXFileReference; lastKnownFileType = text.plist.xml; path = Info.plist; sourceTree = "<group>"; };
		EF6638D71DF0933B005FCC44 /* ContactsUITests.xctest */ = {isa = PBXFileReference; explicitFileType = wrapper.cfbundle; includeInIndex = 0; path = ContactsUITests.xctest; sourceTree = BUILT_PRODUCTS_DIR; };
		EF6638DB1DF0933B005FCC44 /* ContactsUITests.swift */ = {isa = PBXFileReference; lastKnownFileType = sourcecode.swift; path = ContactsUITests.swift; sourceTree = "<group>"; };
		EF6638DD1DF0933B005FCC44 /* Info.plist */ = {isa = PBXFileReference; lastKnownFileType = text.plist.xml; path = Info.plist; sourceTree = "<group>"; };
		EF6638E91DF0947E005FCC44 /* ContactsTableViewController.swift */ = {isa = PBXFileReference; fileEncoding = 4; lastKnownFileType = sourcecode.swift; path = ContactsTableViewController.swift; sourceTree = "<group>"; };
/* End PBXFileReference section */

/* Begin PBXFrameworksBuildPhase section */
		EF6638B51DF0933B005FCC44 /* Frameworks */ = {
			isa = PBXFrameworksBuildPhase;
			buildActionMask = 2147483647;
			files = (
			);
			runOnlyForDeploymentPostprocessing = 0;
		};
		EF6638C91DF0933B005FCC44 /* Frameworks */ = {
			isa = PBXFrameworksBuildPhase;
			buildActionMask = 2147483647;
			files = (
			);
			runOnlyForDeploymentPostprocessing = 0;
		};
		EF6638D41DF0933B005FCC44 /* Frameworks */ = {
			isa = PBXFrameworksBuildPhase;
			buildActionMask = 2147483647;
			files = (
			);
			runOnlyForDeploymentPostprocessing = 0;
		};
/* End PBXFrameworksBuildPhase section */

/* Begin PBXGroup section */
		EF6638AF1DF0933B005FCC44 = {
			isa = PBXGroup;
			children = (
				EF6638BA1DF0933B005FCC44 /* Contacts */,
				EF6638CF1DF0933B005FCC44 /* ContactsTests */,
				EF6638DA1DF0933B005FCC44 /* ContactsUITests */,
				EF6638B91DF0933B005FCC44 /* Products */,
			);
			sourceTree = "<group>";
		};
		EF6638B91DF0933B005FCC44 /* Products */ = {
			isa = PBXGroup;
			children = (
				EF6638B81DF0933B005FCC44 /* Contacts.app */,
				EF6638CC1DF0933B005FCC44 /* ContactsTests.xctest */,
				EF6638D71DF0933B005FCC44 /* ContactsUITests.xctest */,
			);
			name = Products;
			sourceTree = "<group>";
		};
		EF6638BA1DF0933B005FCC44 /* Contacts */ = {
			isa = PBXGroup;
			children = (
				EF6638BB1DF0933B005FCC44 /* AppDelegate.swift */,
				EF6638BD1DF0933B005FCC44 /* ViewController.swift */,
				EF6638BF1DF0933B005FCC44 /* Main.storyboard */,
				EF6638E91DF0947E005FCC44 /* ContactsTableViewController.swift */,
				EF6638C21DF0933B005FCC44 /* Assets.xcassets */,
				EF6638C41DF0933B005FCC44 /* LaunchScreen.storyboard */,
				EF6638C71DF0933B005FCC44 /* Info.plist */,
			);
			path = Contacts;
			sourceTree = "<group>";
		};
		EF6638CF1DF0933B005FCC44 /* ContactsTests */ = {
			isa = PBXGroup;
			children = (
				EF6638D01DF0933B005FCC44 /* ContactsTests.swift */,
				EF6638D21DF0933B005FCC44 /* Info.plist */,
			);
			path = ContactsTests;
			sourceTree = "<group>";
		};
		EF6638DA1DF0933B005FCC44 /* ContactsUITests */ = {
			isa = PBXGroup;
			children = (
				EF6638DB1DF0933B005FCC44 /* ContactsUITests.swift */,
				EF6638DD1DF0933B005FCC44 /* Info.plist */,
			);
			path = ContactsUITests;
			sourceTree = "<group>";
		};
/* End PBXGroup section */

/* Begin PBXNativeTarget section */
		EF6638B71DF0933B005FCC44 /* Contacts */ = {
			isa = PBXNativeTarget;
			buildConfigurationList = EF6638E01DF0933B005FCC44 /* Build configuration list for PBXNativeTarget "Contacts" */;
			buildPhases = (
				EF6638B41DF0933B005FCC44 /* Sources */,
				EF6638B51DF0933B005FCC44 /* Frameworks */,
				EF6638B61DF0933B005FCC44 /* Resources */,
			);
			buildRules = (
			);
			dependencies = (
			);
			name = Contacts;
			productName = Contacts;
			productReference = EF6638B81DF0933B005FCC44 /* Contacts.app */;
			productType = "com.apple.product-type.application";
		};
		EF6638CB1DF0933B005FCC44 /* ContactsTests */ = {
			isa = PBXNativeTarget;
			buildConfigurationList = EF6638E31DF0933B005FCC44 /* Build configuration list for PBXNativeTarget "ContactsTests" */;
			buildPhases = (
				EF6638C81DF0933B005FCC44 /* Sources */,
				EF6638C91DF0933B005FCC44 /* Frameworks */,
				EF6638CA1DF0933B005FCC44 /* Resources */,
			);
			buildRules = (
			);
			dependencies = (
				EF6638CE1DF0933B005FCC44 /* PBXTargetDependency */,
			);
			name = ContactsTests;
			productName = ContactsTests;
			productReference = EF6638CC1DF0933B005FCC44 /* ContactsTests.xctest */;
			productType = "com.apple.product-type.bundle.unit-test";
		};
		EF6638D61DF0933B005FCC44 /* ContactsUITests */ = {
			isa = PBXNativeTarget;
			buildConfigurationList = EF6638E61DF0933B005FCC44 /* Build configuration list for PBXNativeTarget "ContactsUITests" */;
			buildPhases = (
				EF6638D31DF0933B005FCC44 /* Sources */,
				EF6638D41DF0933B005FCC44 /* Frameworks */,
				EF6638D51DF0933B005FCC44 /* Resources */,
			);
			buildRules = (
			);
			dependencies = (
				EF6638D91DF0933B005FCC44 /* PBXTargetDependency */,
			);
			name = ContactsUITests;
			productName = ContactsUITests;
			productReference = EF6638D71DF0933B005FCC44 /* ContactsUITests.xctest */;
			productType = "com.apple.product-type.bundle.ui-testing";
		};
/* End PBXNativeTarget section */

/* Begin PBXProject section */
		EF6638B01DF0933B005FCC44 /* Project object */ = {
			isa = PBXProject;
			attributes = {
				KnownAssetTags = (
					ViewControllerB,
				);
				LastSwiftUpdateCheck = 0810;
				LastUpgradeCheck = 0810;
				ORGANIZATIONNAME = "Lisa Steele";
				TargetAttributes = {
					EF6638B71DF0933B005FCC44 = {
						CreatedOnToolsVersion = 8.1;
						ProvisioningStyle = Automatic;
					};
					EF6638CB1DF0933B005FCC44 = {
						CreatedOnToolsVersion = 8.1;
						ProvisioningStyle = Automatic;
						TestTargetID = EF6638B71DF0933B005FCC44;
					};
					EF6638D61DF0933B005FCC44 = {
						CreatedOnToolsVersion = 8.1;
						ProvisioningStyle = Automatic;
						TestTargetID = EF6638B71DF0933B005FCC44;
					};
				};
			};
			buildConfigurationList = EF6638B31DF0933B005FCC44 /* Build configuration list for PBXProject "Contacts" */;
			compatibilityVersion = "Xcode 3.2";
			developmentRegion = English;
			hasScannedForEncodings = 0;
			knownRegions = (
				en,
				Base,
			);
			mainGroup = EF6638AF1DF0933B005FCC44;
			productRefGroup = EF6638B91DF0933B005FCC44 /* Products */;
			projectDirPath = "";
			projectRoot = "";
			targets = (
				EF6638B71DF0933B005FCC44 /* Contacts */,
				EF6638CB1DF0933B005FCC44 /* ContactsTests */,
				EF6638D61DF0933B005FCC44 /* ContactsUITests */,
			);
		};
/* End PBXProject section */

/* Begin PBXResourcesBuildPhase section */
		EF6638B61DF0933B005FCC44 /* Resources */ = {
			isa = PBXResourcesBuildPhase;
			buildActionMask = 2147483647;
			files = (
				EF6638C61DF0933B005FCC44 /* LaunchScreen.storyboard in Resources */,
				EF6638C31DF0933B005FCC44 /* Assets.xcassets in Resources */,
				EF6638C11DF0933B005FCC44 /* Main.storyboard in Resources */,
			);
			runOnlyForDeploymentPostprocessing = 0;
		};
		EF6638CA1DF0933B005FCC44 /* Resources */ = {
			isa = PBXResourcesBuildPhase;
			buildActionMask = 2147483647;
			files = (
			);
			runOnlyForDeploymentPostprocessing = 0;
		};
		EF6638D51DF0933B005FCC44 /* Resources */ = {
			isa = PBXResourcesBuildPhase;
			buildActionMask = 2147483647;
			files = (
			);
			runOnlyForDeploymentPostprocessing = 0;
		};
/* End PBXResourcesBuildPhase section */

/* Begin PBXSourcesBuildPhase section */
		EF6638B41DF0933B005FCC44 /* Sources */ = {
			isa = PBXSourcesBuildPhase;
			buildActionMask = 2147483647;
			files = (
				EF6638BE1DF0933B005FCC44 /* ViewController.swift in Sources */,
				EF6638BC1DF0933B005FCC44 /* AppDelegate.swift in Sources */,
				EF6638EA1DF0947E005FCC44 /* ContactsTableViewController.swift in Sources */,
			);
			runOnlyForDeploymentPostprocessing = 0;
		};
		EF6638C81DF0933B005FCC44 /* Sources */ = {
			isa = PBXSourcesBuildPhase;
			buildActionMask = 2147483647;
			files = (
				EF6638D11DF0933B005FCC44 /* ContactsTests.swift in Sources */,
			);
			runOnlyForDeploymentPostprocessing = 0;
		};
		EF6638D31DF0933B005FCC44 /* Sources */ = {
			isa = PBXSourcesBuildPhase;
			buildActionMask = 2147483647;
			files = (
				EF6638DC1DF0933B005FCC44 /* ContactsUITests.swift in Sources */,
			);
			runOnlyForDeploymentPostprocessing = 0;
		};
/* End PBXSourcesBuildPhase section */

/* Begin PBXTargetDependency section */
		EF6638CE1DF0933B005FCC44 /* PBXTargetDependency */ = {
			isa = PBXTargetDependency;
			target = EF6638B71DF0933B005FCC44 /* Contacts */;
			targetProxy = EF6638CD1DF0933B005FCC44 /* PBXContainerItemProxy */;
		};
		EF6638D91DF0933B005FCC44 /* PBXTargetDependency */ = {
			isa = PBXTargetDependency;
			target = EF6638B71DF0933B005FCC44 /* Contacts */;
			targetProxy = EF6638D81DF0933B005FCC44 /* PBXContainerItemProxy */;
		};
/* End PBXTargetDependency section */

/* Begin PBXVariantGroup section */
		EF6638BF1DF0933B005FCC44 /* Main.storyboard */ = {
			isa = PBXVariantGroup;
			children = (
				EF6638C01DF0933B005FCC44 /* Base */,
			);
			name = Main.storyboard;
			sourceTree = "<group>";
		};
		EF6638C41DF0933B005FCC44 /* LaunchScreen.storyboard */ = {
			isa = PBXVariantGroup;
			children = (
				EF6638C51DF0933B005FCC44 /* Base */,
			);
			name = LaunchScreen.storyboard;
			sourceTree = "<group>";
		};
/* End PBXVariantGroup section */

/* Begin XCBuildConfiguration section */
		EF6638DE1DF0933B005FCC44 /* Debug */ = {
			isa = XCBuildConfiguration;
			buildSettings = {
				ALWAYS_SEARCH_USER_PATHS = NO;
				CLANG_ANALYZER_NONNULL = YES;
				CLANG_CXX_LANGUAGE_STANDARD = "gnu++0x";
				CLANG_CXX_LIBRARY = "libc++";
				CLANG_ENABLE_MODULES = YES;
				CLANG_ENABLE_OBJC_ARC = YES;
				CLANG_WARN_BOOL_CONVERSION = YES;
				CLANG_WARN_CONSTANT_CONVERSION = YES;
				CLANG_WARN_DIRECT_OBJC_ISA_USAGE = YES_ERROR;
				CLANG_WARN_DOCUMENTATION_COMMENTS = YES;
				CLANG_WARN_EMPTY_BODY = YES;
				CLANG_WARN_ENUM_CONVERSION = YES;
				CLANG_WARN_INFINITE_RECURSION = YES;
				CLANG_WARN_INT_CONVERSION = YES;
				CLANG_WARN_OBJC_ROOT_CLASS = YES_ERROR;
				CLANG_WARN_SUSPICIOUS_MOVES = YES;
				CLANG_WARN_UNREACHABLE_CODE = YES;
				CLANG_WARN__DUPLICATE_METHOD_MATCH = YES;
				"CODE_SIGN_IDENTITY[sdk=iphoneos*]" = "iPhone Developer";
				COPY_PHASE_STRIP = NO;
				DEBUG_INFORMATION_FORMAT = dwarf;
				ENABLE_STRICT_OBJC_MSGSEND = YES;
				ENABLE_TESTABILITY = YES;
				GCC_C_LANGUAGE_STANDARD = gnu99;
				GCC_DYNAMIC_NO_PIC = NO;
				GCC_NO_COMMON_BLOCKS = YES;
				GCC_OPTIMIZATION_LEVEL = 0;
				GCC_PREPROCESSOR_DEFINITIONS = (
					"DEBUG=1",
					"$(inherited)",
				);
				GCC_WARN_64_TO_32_BIT_CONVERSION = YES;
				GCC_WARN_ABOUT_RETURN_TYPE = YES_ERROR;
				GCC_WARN_UNDECLARED_SELECTOR = YES;
				GCC_WARN_UNINITIALIZED_AUTOS = YES_AGGRESSIVE;
				GCC_WARN_UNUSED_FUNCTION = YES;
				GCC_WARN_UNUSED_VARIABLE = YES;
				IPHONEOS_DEPLOYMENT_TARGET = 10.1;
				MTL_ENABLE_DEBUG_INFO = YES;
				ONLY_ACTIVE_ARCH = YES;
				SDKROOT = iphoneos;
				SWIFT_ACTIVE_COMPILATION_CONDITIONS = DEBUG;
				SWIFT_OPTIMIZATION_LEVEL = "-Onone";
			};
			name = Debug;
		};
		EF6638DF1DF0933B005FCC44 /* Release */ = {
			isa = XCBuildConfiguration;
			buildSettings = {
				ALWAYS_SEARCH_USER_PATHS = NO;
				CLANG_ANALYZER_NONNULL = YES;
				CLANG_CXX_LANGUAGE_STANDARD = "gnu++0x";
				CLANG_CXX_LIBRARY = "libc++";
				CLANG_ENABLE_MODULES = YES;
				CLANG_ENABLE_OBJC_ARC = YES;
				CLANG_WARN_BOOL_CONVERSION = YES;
				CLANG_WARN_CONSTANT_CONVERSION = YES;
				CLANG_WARN_DIRECT_OBJC_ISA_USAGE = YES_ERROR;
				CLANG_WARN_DOCUMENTATION_COMMENTS = YES;
				CLANG_WARN_EMPTY_BODY = YES;
				CLANG_WARN_ENUM_CONVERSION = YES;
				CLANG_WARN_INFINITE_RECURSION = YES;
				CLANG_WARN_INT_CONVERSION = YES;
				CLANG_WARN_OBJC_ROOT_CLASS = YES_ERROR;
				CLANG_WARN_SUSPICIOUS_MOVES = YES;
				CLANG_WARN_UNREACHABLE_CODE = YES;
				CLANG_WARN__DUPLICATE_METHOD_MATCH = YES;
				"CODE_SIGN_IDENTITY[sdk=iphoneos*]" = "iPhone Developer";
				COPY_PHASE_STRIP = NO;
				DEBUG_INFORMATION_FORMAT = "dwarf-with-dsym";
				ENABLE_NS_ASSERTIONS = NO;
				ENABLE_STRICT_OBJC_MSGSEND = YES;
				GCC_C_LANGUAGE_STANDARD = gnu99;
				GCC_NO_COMMON_BLOCKS = YES;
				GCC_WARN_64_TO_32_BIT_CONVERSION = YES;
				GCC_WARN_ABOUT_RETURN_TYPE = YES_ERROR;
				GCC_WARN_UNDECLARED_SELECTOR = YES;
				GCC_WARN_UNINITIALIZED_AUTOS = YES_AGGRESSIVE;
				GCC_WARN_UNUSED_FUNCTION = YES;
				GCC_WARN_UNUSED_VARIABLE = YES;
				IPHONEOS_DEPLOYMENT_TARGET = 10.1;
				MTL_ENABLE_DEBUG_INFO = NO;
				SDKROOT = iphoneos;
				SWIFT_OPTIMIZATION_LEVEL = "-Owholemodule";
				VALIDATE_PRODUCT = YES;
			};
			name = Release;
		};
		EF6638E11DF0933B005FCC44 /* Debug */ = {
			isa = XCBuildConfiguration;
			buildSettings = {
				ASSETCATALOG_COMPILER_APPICON_NAME = AppIcon;
				INFOPLIST_FILE = Contacts/Info.plist;
				LD_RUNPATH_SEARCH_PATHS = "$(inherited) @executable_path/Frameworks";
				PRODUCT_BUNDLE_IDENTIFIER = com.LisaSteele.Contacts;
				PRODUCT_NAME = "$(TARGET_NAME)";
				SWIFT_VERSION = 3.0;
			};
			name = Debug;
		};
		EF6638E21DF0933B005FCC44 /* Release */ = {
			isa = XCBuildConfiguration;
			buildSettings = {
				ASSETCATALOG_COMPILER_APPICON_NAME = AppIcon;
				INFOPLIST_FILE = Contacts/Info.plist;
				LD_RUNPATH_SEARCH_PATHS = "$(inherited) @executable_path/Frameworks";
				PRODUCT_BUNDLE_IDENTIFIER = com.LisaSteele.Contacts;
				PRODUCT_NAME = "$(TARGET_NAME)";
				SWIFT_VERSION = 3.0;
			};
			name = Release;
		};
		EF6638E41DF0933B005FCC44 /* Debug */ = {
			isa = XCBuildConfiguration;
			buildSettings = {
				ALWAYS_EMBED_SWIFT_STANDARD_LIBRARIES = YES;
				BUNDLE_LOADER = "$(TEST_HOST)";
				INFOPLIST_FILE = ContactsTests/Info.plist;
				LD_RUNPATH_SEARCH_PATHS = "$(inherited) @executable_path/Frameworks @loader_path/Frameworks";
				PRODUCT_BUNDLE_IDENTIFIER = com.LisaSteele.ContactsTests;
				PRODUCT_NAME = "$(TARGET_NAME)";
				SWIFT_VERSION = 3.0;
				TEST_HOST = "$(BUILT_PRODUCTS_DIR)/Contacts.app/Contacts";
			};
			name = Debug;
		};
		EF6638E51DF0933B005FCC44 /* Release */ = {
			isa = XCBuildConfiguration;
			buildSettings = {
				ALWAYS_EMBED_SWIFT_STANDARD_LIBRARIES = YES;
				BUNDLE_LOADER = "$(TEST_HOST)";
				INFOPLIST_FILE = ContactsTests/Info.plist;
				LD_RUNPATH_SEARCH_PATHS = "$(inherited) @executable_path/Frameworks @loader_path/Frameworks";
				PRODUCT_BUNDLE_IDENTIFIER = com.LisaSteele.ContactsTests;
				PRODUCT_NAME = "$(TARGET_NAME)";
				SWIFT_VERSION = 3.0;
				TEST_HOST = "$(BUILT_PRODUCTS_DIR)/Contacts.app/Contacts";
			};
			name = Release;
		};
		EF6638E71DF0933B005FCC44 /* Debug */ = {
			isa = XCBuildConfiguration;
			buildSettings = {
				ALWAYS_EMBED_SWIFT_STANDARD_LIBRARIES = YES;
				INFOPLIST_FILE = ContactsUITests/Info.plist;
				LD_RUNPATH_SEARCH_PATHS = "$(inherited) @executable_path/Frameworks @loader_path/Frameworks";
				PRODUCT_BUNDLE_IDENTIFIER = com.LisaSteele.ContactsUITests;
				PRODUCT_NAME = "$(TARGET_NAME)";
				SWIFT_VERSION = 3.0;
				TEST_TARGET_NAME = Contacts;
			};
			name = Debug;
		};
		EF6638E81DF0933B005FCC44 /* Release */ = {
			isa = XCBuildConfiguration;
			buildSettings = {
				ALWAYS_EMBED_SWIFT_STANDARD_LIBRARIES = YES;
				INFOPLIST_FILE = ContactsUITests/Info.plist;
				LD_RUNPATH_SEARCH_PATHS = "$(inherited) @executable_path/Frameworks @loader_path/Frameworks";
				PRODUCT_BUNDLE_IDENTIFIER = com.LisaSteele.ContactsUITests;
				PRODUCT_NAME = "$(TARGET_NAME)";
				SWIFT_VERSION = 3.0;
				TEST_TARGET_NAME = Contacts;
			};
			name = Release;
		};
/* End XCBuildConfiguration section */

/* Begin XCConfigurationList section */
		EF6638B31DF0933B005FCC44 /* Build configuration list for PBXProject "Contacts" */ = {
			isa = XCConfigurationList;
			buildConfigurations = (
				EF6638DE1DF0933B005FCC44 /* Debug */,
				EF6638DF1DF0933B005FCC44 /* Release */,
			);
			defaultConfigurationIsVisible = 0;
			defaultConfigurationName = Release;
		};
		EF6638E01DF0933B005FCC44 /* Build configuration list for PBXNativeTarget "Contacts" */ = {
			isa = XCConfigurationList;
			buildConfigurations = (
				EF6638E11DF0933B005FCC44 /* Debug */,
				EF6638E21DF0933B005FCC44 /* Release */,
			);
			defaultConfigurationIsVisible = 0;
			defaultConfigurationName = Release;
		};
		EF6638E31DF0933B005FCC44 /* Build configuration list for PBXNativeTarget "ContactsTests" */ = {
			isa = XCConfigurationList;
			buildConfigurations = (
				EF6638E41DF0933B005FCC44 /* Debug */,
				EF6638E51DF0933B005FCC44 /* Release */,
			);
			defaultConfigurationIsVisible = 0;
			defaultConfigurationName = Release;
		};
		EF6638E61DF0933B005FCC44 /* Build configuration list for PBXNativeTarget "ContactsUITests" */ = {
			isa = XCConfigurationList;
			buildConfigurations = (
				EF6638E71DF0933B005FCC44 /* Debug */,
				EF6638E81DF0933B005FCC44 /* Release */,
			);
			defaultConfigurationIsVisible = 0;
			defaultConfigurationName = Release;
		};
/* End XCConfigurationList section */
	};
	rootObject = EF6638B01DF0933B005FCC44 /* Project object */;
}
